{
    "name": "@loupeteam/librarybuilderproject",
    "version": "0.2.0",
    "lockfileVersion": 3,
    "requires": true,
    "packages": {
        "": {
            "name": "@loupeteam/librarybuilderproject",
            "version": "0.2.0",
            "license": "MIT",
            "dependencies": {
                "@loupeteam/accesslib": "^0.5.1",
                "@loupeteam/librarybuilderproject": "^0.3.0"
            }
        },
        "node_modules/@loupeteam/accesslib": {
            "version": "0.5.1",
            "resolved": "https://npm.pkg.github.com/download/@loupeteam/accesslib/0.5.1/f065f495c9dffdcbe0f391a5d5d551317e601462",
            "integrity": "sha512-lTEPlj0DIS3q4dFHMFqnF76c+BrwJjr1Vk/bBjNlm94deRV/yM1MLgfWlTQ5E4dQSiVHvRP+MhRse+MqNNBluA==",
            "license": "Loupe Software License Agreement",
            "dependencies": {
                "@loupeteam/brse_arl": "*",
                "@loupeteam/logthat": ">=0.4.1 <=0.5.9"
            }
        },
        "node_modules/@loupeteam/brse_arl": {
            "version": "2.3.1",
            "resolved": "https://npm.pkg.github.com/download/@loupeteam/brse_arl/2.3.1/b13ed8646a4126e72d8c0bdf7081a948d1567973",
            "integrity": "sha512-/E34HpMLb9Q3Zcpc+Y5j8Q4ZM5/dNAPTrbVvF+ViWvNK3jMO3DS2AJ3pOkh04/7zKNJ5q5ktu9CQVdK+jW9S+g==",
            "license": "Loupe Software License Agreement"
        },
        "node_modules/@loupeteam/librarybuilderproject": {
            "version": "0.3.0",
            "resolved": "https://npm.pkg.github.com/download/@loupeteam/librarybuilderproject/0.3.0/9c3c1fc98350439d618573f3b465d94e3ae1e000",
            "integrity": "sha512-kUOwhpPoqQ1DikLGFBH3c8+nsb28ayX2IpQRC0UaEg34cV4GrRoI0FvkSovc3tgrGohpyvxFPRy5C6TM5wj7JA==",
            "license": "MIT"
        },
        "node_modules/@loupeteam/logthat": {
            "version": "0.5.1",
            "resolved": "https://npm.pkg.github.com/download/@loupeteam/logthat/0.5.1/a6a0b2d6b20ae36504e3bb1f93abfc66eabd83a7",
            "integrity": "sha512-HGKZuZxNL6NVnpLG09BbWp7NQ6i+7wdOMoWLj5PO730ELX0Xs35xKGyGLf/mWiIXKE9tjvZxkyBTgbgZbIt6ew==",
            "license": "Loupe Software License Agreement",
            "dependencies": {
                "@loupeteam/stringext": ">=0.14.1"
            }
        },
        "node_modules/@loupeteam/stringext": {
            "version": "0.14.4",
            "resolved": "https://npm.pkg.github.com/download/@loupeteam/stringext/0.14.4/9d7c965dd094afeaf89b9f48c9b882ce798890dc",
            "integrity": "sha512-xYNj2b+SUxIgM5ZvB+BgDL+cqWkaKHAN65GbyNCd1B/SExiqUDO/VMa77/Sk2XlIZdzXj5mXxjwU/zjY97WsMg==",
            "license": "MIT"
        }
    }
}
